{
  "nodes": {
    "flake-parts": {
      "inputs": {
        "nixpkgs-lib": [
          "nixpkgs-lib"
        ]
      },
      "locked": {
        "lastModified": 1785627969,
        "narHash": "sha256-4dtXQk/NMePegK/nWp5NSeuZKLATItOq61lpEvmXqGw=",
        "ref": "refs/heads/main",
        "rev": "427bf4bd9435fdf21321c8cc628c24efc14c0f7a",
        "revCount": 483,
        "type": "git",
        "url": "https://gh.llkk.cc/https://github.com/hercules-ci/flake-parts.git"
      },
      "original": {
        "type": "git",
        "url": "https://gh.llkk.cc/https://github.com/hercules-ci/flake-parts.git"
      }
    },
    "home-manager": {
      "inputs": {
        "nixpkgs": [
          "nixpkgs"
        ]
      },
      "locked": {
        "lastModified": 1785119570,
        "narHash": "sha256-Rgs2xKnGLFWQscxUaXX07oyZeuMDOHEbqDOsgliLFGM=",
        "ref": "release-26.05",
        "rev": "d4fd24667c8cbef124bb70a20380cab75ec8474d",
        "revCount": 6823,
        "type": "git",
        "url": "https://gh.llkk.cc/https://github.com/nix-community/home-manager.git"
      },
      "original": {
        "ref": "release-26.05",
        "type": "git",
        "url": "https://gh.llkk.cc/https://github.com/nix-community/home-manager.git"
      }
    },
    "nix-flatpak": {
      "locked": {
        "lastModified": 1767983141,
        "narHash": "sha256-7ZCulYUD9RmJIDULTRkGLSW1faMpDlPKcbWJLYHoXcs=",
        "ref": "latest",
        "rev": "440818969ac2cbd77bfe025e884d0aa528991374",
        "revCount": 108,
        "type": "git",
        "url": "https://gh.llkk.cc/https://github.com/gmodena/nix-flatpak.git"
      },
      "original": {
        "ref": "latest",
        "type": "git",
        "url": "https://gh.llkk.cc/https://github.com/gmodena/nix-flatpak.git"
      }
    },
    "nixos-hardware": {
      "inputs": {
        "nixpkgs": [
          "nixpkgs"
        ]
      },
      "locked": {
        "lastModified": 1785232496,
        "narHash": "sha256-65EQYIRRpTdpH8lUiB6Mvo5uBkG60aBIzAJuALfx+O0=",
        "ref": "master",
        "rev": "2e790b0a6be8ec2b76174ac0931b8ff11919ec98",
        "revCount": 2826,
        "type": "git",
        "url": "https://gh.llkk.cc/https://github.com/NixOS/nixos-hardware.git"
      },
      "original": {
        "ref": "master",
        "type": "git",
        "url": "https://gh.llkk.cc/https://github.com/NixOS/nixos-hardware.git"
      }
    },
    "nixpkgs": {
      "locked": {
        "lastModified": 315532800,
        "narHash": "sha256-F5163SsL9xqCLcx8CS2Y5MeLA5z6mfgXGDiCBEqSnbo=",
        "type": "tarball",
        "url": "https://mirrors.ustc.edu.cn/nix-channels/nixos-26.05/nixexprs.tar.xz"
      },
      "original": {
        "type": "tarball",
        "url": "https://mirrors.ustc.edu.cn/nix-channels/nixos-26.05/nixexprs.tar.xz"
      }
    },
    "nixpkgs-lib": {
      "locked": {
        "lastModified": 1786237858,
        "narHash": "sha256-uOBlPnVm4VPD4lqTVDhCPaTJ2I3MHk2woN2Kkovv8Yc=",
        "ref": "refs/heads/master",
        "rev": "92590dc744108b058000deae4b734f0aa5c33f50",
        "revCount": 22452,
        "type": "git",
        "url": "https://gh.llkk.cc/https://github.com/nix-community/nixpkgs.lib.git"
      },
      "original": {
        "type": "git",
        "url": "https://gh.llkk.cc/https://github.com/nix-community/nixpkgs.lib.git"
      }
    },
    "nixvim": {
      "inputs": {
        "flake-parts": [
          "flake-parts"
        ],
        "nixpkgs": [
          "nixpkgs"
        ],
        "systems": [
          "systems"
        ]
      },
      "locked": {
        "lastModified": 1782919967,
        "narHash": "sha256-pRwjfB5HQJ3m8J8bOR43pPHtHI7VUJSqwLA3P06cOY0=",
        "ref": "nixos-26.05",
        "rev": "667c8471f4a0fb24d702d1a61af8609f1a5f1ba6",
        "revCount": 4584,
        "type": "git",
        "url": "https://gh.llkk.cc/https://github.com/nix-community/nixvim.git"
      },
      "original": {
        "ref": "nixos-26.05",
        "type": "git",
        "url": "https://gh.llkk.cc/https://github.com/nix-community/nixvim.git"
      }
    },
    "noctalia": {
      "inputs": {
        "nixpkgs": [
          "nixpkgs"
        ]
      },
      "locked": {
        "lastModified": 1786429008,
        "narHash": "sha256-DGJqGezkI3gxxHvK7Nns8juWgv1o4POW+3kRR8utWzg=",
        "ref": "refs/heads/main",
        "rev": "2c0bb1d341193845576da39057c49d2a507afc41",
        "revCount": 5156,
        "type": "git",
        "url": "https://gh.llkk.cc/https://github.com/noctalia-dev/noctalia.git"
      },
      "original": {
        "type": "git",
        "url": "https://gh.llkk.cc/https://github.com/noctalia-dev/noctalia.git"
      }
    },
    "root": {
      "inputs": {
        "flake-parts": "flake-parts",
        "home-manager": "home-manager",
        "nix-flatpak": "nix-flatpak",
        "nixos-hardware": "nixos-hardware",
        "nixpkgs": "nixpkgs",
        "nixpkgs-lib": "nixpkgs-lib",
        "nixvim": "nixvim",
        "noctalia": "noctalia",
        "systems": "systems",
        "vscode-server": "vscode-server"
      }
    },
    "systems": {
      "locked": {
        "lastModified": 1681028828,
        "narHash": "sha256-Vy1rq5AaRuLzOxct8nz4T6wlgyUR7zLU309k9mBC768=",
        "ref": "refs/heads/main",
        "rev": "da67096a3b9bf56a91d16901293e51ba5b49a27e",
        "revCount": 3,
        "type": "git",
        "url": "https://gh.llkk.cc/https://github.com/nix-systems/default.git"
      },
      "original": {
        "type": "git",
        "url": "https://gh.llkk.cc/https://github.com/nix-systems/default.git"
      }
    },
    "vscode-server": {
      "inputs": {
        "flake-parts": [
          "flake-parts"
        ]
      },
      "locked": {
        "lastModified": 1784312229,
        "narHash": "sha256-2uHCSUw341o3my1R0U0YCfbnMEazylxb58evWsjGL50=",
        "ref": "refs/heads/master",
        "rev": "2f984dfbe7e5271b5c413d3e734374cc1306c921",
        "revCount": 93,
        "type": "git",
        "url": "https://gh.llkk.cc/https://github.com/nix-community/nixos-vscode-server.git"
      },
      "original": {
        "type": "git",
        "url": "https://gh.llkk.cc/https://github.com/nix-community/nixos-vscode-server.git"
      }
    }
  },
  "root": "root",
  "version": 7
}
